
Microsoft Visual Studio Solution File, Format Version 12.00
# Visual Studio Version 16
VisualStudioVersion = 16.0.30503.244
MinimumVisualStudioVersion = 10.0.40219.1
Project("{FAE04EC0-301F-11D3-BF4B-00C04F79EFBC}") = "LAN_Message", "LAN_Message.csproj", "{23FC0289-96C9-4F4E-891E-AE8FB3A30F30}"
EndProject
Global
	GlobalSection(SolutionConfigurationPlatforms) = preSolution
		Debug|Any CPU = Debug|Any CPU
		Release|Any CPU = Release|Any CPU
	EndGlobalSection
	GlobalSection(ProjectConfigurationPlatforms) = postSolution
		{23FC0289-96C9-4F4E-891E-AE8FB3A30F30}.Debug|Any CPU.ActiveCfg = Debug|Any CPU
		{23FC0289-96C9-4F4E-891E-AE8FB3A30F30}.Debug|Any CPU.Build.0 = Debug|Any CPU
		{23FC0289-96C9-4F4E-891E-AE8FB3A30F30}.Release|Any CPU.ActiveCfg = Release|Any CPU
		{23FC0289-96C9-4F4E-891E-AE8FB3A30F30}.Release|Any CPU.Build.0 = Release|Any CPU
	EndGlobalSection
	GlobalSection(SolutionProperties) = preSolution
		HideSolutionNode = FALSE
	EndGlobalSection
	GlobalSection(ExtensibilityGlobals) = postSolution
		SolutionGuid = {A24B769C-A481-4029-8F38-21778C8D8107}
	EndGlobalSection
EndGlobal
